
Microsoft Visual Studio Solution File, Format Version 12.00
# Visual Studio Version 17
VisualStudioVersion = 17.4.33205.214
MinimumVisualStudioVersion = 10.0.40219.1
Project("{9A19103F-16F7-4668-BE54-9A1E7A4F7556}") = "tcg-emulator-client", "tcg-emulator-client.csproj", "{83FD678E-7680-41FA-96D8-AEFCAB1E5139}"
EndProject
Global
	GlobalSection(SolutionConfigurationPlatforms) = preSolution
		Debug|Any CPU = Debug|Any CPU
		ExportDebug|Any CPU = ExportDebug|Any CPU
		ExportRelease|Any CPU = ExportRelease|Any CPU
	EndGlobalSection
	GlobalSection(ProjectConfigurationPlatforms) = postSolution
		{83FD678E-7680-41FA-96D8-AEFCAB1E5139}.Debug|Any CPU.ActiveCfg = Debug|Any CPU
		{83FD678E-7680-41FA-96D8-AEFCAB1E5139}.Debug|Any CPU.Build.0 = Debug|Any CPU
		{83FD678E-7680-41FA-96D8-AEFCAB1E5139}.ExportDebug|Any CPU.ActiveCfg = ExportDebug|Any CPU
		{83FD678E-7680-41FA-96D8-AEFCAB1E5139}.ExportDebug|Any CPU.Build.0 = ExportDebug|Any CPU
		{83FD678E-7680-41FA-96D8-AEFCAB1E5139}.ExportRelease|Any CPU.ActiveCfg = ExportRelease|Any CPU
		{83FD678E-7680-41FA-96D8-AEFCAB1E5139}.ExportRelease|Any CPU.Build.0 = ExportRelease|Any CPU
	EndGlobalSection
	GlobalSection(SolutionProperties) = preSolution
		HideSolutionNode = FALSE
	EndGlobalSection
	GlobalSection(ExtensibilityGlobals) = postSolution
		SolutionGuid = {F619FFA6-82FF-4929-9E5C-B3691327A7FC}
	EndGlobalSection
EndGlobal
